lockfileVersion: '9.0'

settings:
  autoInstallPeers: true
  excludeLinksFromLockfile: false

importers:

  .:
    dependencies:
      0xsequence:
        specifier: ^2.0.10
        version: 2.0.10(ethers@6.13.2)
      '@noble/ed25519':
        specifier: ^2.1.0
        version: 2.1.0

packages:

  0xsequence@2.0.10:
    resolution: {integrity: sha512-TOVMOe+D2tuM0WjuyxxlGnCUxJcu7AsnamKkFJPXqfLGyktgKSyFNHJgHS7fpxsTuoniYQ23ooCdw/Wd76AEcg==}
    peerDependencies:
      ethers: '>=6'

  '@0xsequence/abi@2.0.10':
    resolution: {integrity: sha512-g47dGQmkHvH3AyjNtdzRCbjSUVBIGOKHRiDgrYbNo7svcuDS9xz2wIFvhD+5tt91wD7/7leRXmW9EEt0jW2CYQ==}

  '@0xsequence/account@2.0.10':
    resolution: {integrity: sha512-I8UNV8lvqIS8ju3nCbIVpJ5UFrmWEXYHTU400KCNZ1oy28dDxdAjlmRmDxSyVV7uVG2rv9Hx0Yd0jzJ/sfna7w==}
    peerDependencies:
      ethers: '>=6'

  '@0xsequence/api@2.0.10':
    resolution: {integrity: sha512-8jXO+9rPZlCMQ5+1GNxHbCbO18OPVTc84prML/hUEit5Hwa8pkCHxHR+as5oF1tq3XTupg7reSF5dg23qGO1vw==}

  '@0xsequence/auth@2.0.10':
    resolution: {integrity: sha512-V6Qu6qxzktfgY1f4qH8G4Yd5TvKMctaqGWN1gEz2qV+lx/pj7PBNWZUW24pphxkpxkTAhMWn1U6Uxp+4Qg50+g==}
    peerDependencies:
      ethers: '>=6'

  '@0xsequence/core@2.0.10':
    resolution: {integrity: sha512-jyvpvttV66m2eohfAnVf1cjbi4WVM/hn2XrBXW2jU8mRNbyL5eJL5acgzVjCeyH+/Iog/N249cc+FDX8I0i1gA==}
    peerDependencies:
      ethers: '>=6'

  '@0xsequence/ethauth@1.0.0':
    resolution: {integrity: sha512-piihXzbS8Sq7P670a+GyTm3igTJL3Ts6pqjJcC0Sv86yqeK6QD0pzJP4APP+/IQa5k+0s2l1SeZwMjR7gSPtCA==}
    peerDependencies:
      ethers: '>=6'

  '@0xsequence/guard@2.0.10':
    resolution: {integrity: sha512-JdHqsKdS2paW9jWisE8wJlneY2lNZhZ6R/n3ie2ic/AgAKR1DNo4uEMbyGTqeuZ5Huh8TkLsYyoVHw3hDswThg==}

  '@0xsequence/indexer@2.0.10':
    resolution: {integrity: sha512-NpEvLS0/vTxpUhs0aksY/7XzseTpBclotWHRdbmliAazbs9c5Ri3tWbWX5FVO7kSCnnVYg6UyQc4A0Y2v85gug==}

  '@0xsequence/metadata@2.0.10':
    resolution: {integrity: sha512-KPHNNF/Zk5mW0WWg1LD3m5QNupikLhTH3pn26pEqCDSOaJr8hXlam9T/ZpBASQKcEjGk2O8GIL0eE28kbDeFCA==}

  '@0xsequence/migration@2.0.10':
    resolution: {integrity: sha512-FlJSpZ0EpqgBbVKuqgIESl8DI1JIVQVA91KMHcIKeVGHTiQgMPupb5gC6jABQ4E9RxoClQkQrjVQOql80tL+CA==}

  '@0xsequence/network@2.0.10':
    resolution: {integrity: sha512-5HGJbFYbbctnCJGielzf2JufPMx20vB3X5vYAlPYWmYirEWLWEwKyCBWXihzCxWI/xY2SiC86+F+LDC2naIYyQ==}
    peerDependencies:
      ethers: '>=6'

  '@0xsequence/provider@2.0.10':
    resolution: {integrity: sha512-7anriBeTTJWsucECE+LDeYEHFPB4SWURgPYJ2eVU5ZUFdwCBXkb3OYMLHTyqGfBpaFFu4N3v/tFbWjgtURqdtQ==}
    peerDependencies:
      ethers: '>=6'

  '@0xsequence/relayer@2.0.10':
    resolution: {integrity: sha512-hL22BFwnmdgjEi7pJzFj2sJLdcFwncMeInqZsicheAarI+ae3knr9FiuSLUw5/A1qh3UV96ny9yeXIdoGLf9cg==}
    peerDependencies:
      ethers: '>=6'

  '@0xsequence/replacer@2.0.10':
    resolution: {integrity: sha512-zMx+5ShUGhiZBERRER37u0H2mRaprmxcu3v97PotXTx337T7nQiz3mmeFCMYfhp+UK/jufJK1s4K3hs4q/u1MA==}
    peerDependencies:
      ethers: '>=6'

  '@0xsequence/sessions@2.0.10':
    resolution: {integrity: sha512-E3Kqfsz3cfp6aYQbjA1iYpEioGJ36hD5De9NnAdch3+bj3i73j8aglQ7nAcn24YhFuxBuR/EDK9FORTcBDv+Jw==}

  '@0xsequence/signhub@2.0.10':
    resolution: {integrity: sha512-ncXo5ujheq/Z08U0LP3/pm9k27hVESvvMSPfFEPjK78fTAcTKiHE3kUEq6ClfqNRD2Ae2ExvFAJpRyfp8ZvUmg==}

  '@0xsequence/utils@2.0.10':
    resolution: {integrity: sha512-uHNQHqVE8xPZ7axq/tTLu4PiPDkZd9WRQcJgC9SBU++GbEIdlTS9+gEyNaedTaXLUjOKLx6KojX6vvmI16CuBQ==}
    peerDependencies:
      ethers: '>=6'

  '@0xsequence/wallet@2.0.10':
    resolution: {integrity: sha512-La56uZ72Fbc2uWibqIGzLy3pdLOGFaOpdm0Y+ozPkB6c9AnRoYlXBIMGEp+vwZxFDu7RUAmyEHdNBkRbGerp2g==}
    peerDependencies:
      ethers: '>=6'

  '@adraffy/ens-normalize@1.10.1':
    resolution: {integrity: sha512-96Z2IP3mYmF1Xg2cDm8f1gWGf/HUVedQ3FMifV4kG/PQ4yEP51xDtRAEfhVNt5f/uzpNkZHwWQuUcu6D6K+Ekw==}

  '@databeat/tracker@0.9.2':
    resolution: {integrity: sha512-QcWRZh9UQzvKiP++3vArSd/ccUulbmlUsMycacnNrK4BzqKdihIZZ/YVVFs6p2fvt7X3OuwX1EuHTtESrsQ3CQ==}

  '@noble/curves@1.2.0':
    resolution: {integrity: sha512-oYclrNgRaM9SsBUBVbb8M6DTV7ZHRTKugureoYEncY5c65HOmRzvSiTE3y5CYaPYJA/GVkrhXEoF0M3Ya9PMnw==}

  '@noble/ed25519@2.1.0':
    resolution: {integrity: sha512-KM4qTyXPinyCgMzeYJH/UudpdL+paJXtY3CHtHYZQtBkS8MZoPr4rOikZllIutJe0d06QDQKisyn02gxZ8TcQA==}

  '@noble/hashes@1.3.2':
    resolution: {integrity: sha512-MVC8EAQp7MvEcm30KWENFjgR+Mkmf+D189XJTkFIlwohU5hcBbn1ZkKq7KVTi2Hme3PMGF390DaL52beVrIihQ==}
    engines: {node: '>= 16'}

  '@noble/hashes@1.5.0':
    resolution: {integrity: sha512-1j6kQFb7QRru7eKN3ZDvRcP13rugwdxZqCjbiAVZfIJwgj2A65UmT4TgARXGlXgnRkORLTDTrO19ZErt7+QXgA==}
    engines: {node: ^14.21.3 || >=16}

  '@types/node@18.15.13':
    resolution: {integrity: sha512-N+0kuo9KgrUQ1Sn/ifDXsvg0TTleP7rIy4zOBGECxAljqvqfqpTfzx0Q1NUedOixRMBfe2Whhb056a42cWs26Q==}

  aes-js@4.0.0-beta.5:
    resolution: {integrity: sha512-G965FqalsNyrPqgEGON7nIx1e/OVENSgiEIzyC63haUMuvNnwIgIjMs52hlTCKhkBny7A2ORNlfY9Zu+jmGk1Q==}

  ethers@6.13.2:
    resolution: {integrity: sha512-9VkriTTed+/27BGuY1s0hf441kqwHJ1wtN2edksEtiRvXx+soxRX3iSXTfFqq2+YwrOqbDoTHjIhQnjJRlzKmg==}
    engines: {node: '>=14.0.0'}

  eventemitter2@6.4.9:
    resolution: {integrity: sha512-JEPTiaOt9f04oa6NOkc4aH+nVp5I3wEjpHbIPqfgCdD5v5bUzy7xQqwcVO2aDQgOWhI28da57HksMrzK9HlRxg==}

  idb@7.1.1:
    resolution: {integrity: sha512-gchesWBzyvGHRO9W8tzUWFDycow5gwjvFKfyV9FF32Y7F50yZMp7mP+T2mJIWFx49zicqyC4uefHM17o6xKIVQ==}

  js-base64@3.7.7:
    resolution: {integrity: sha512-7rCnleh0z2CkXhH67J8K1Ytz0b2Y+yxTPL+/KOJoa20hfnVQ/3/T6W/KflYI4bRHRagNeXeU2bkNGI3v1oS/lw==}

  tslib@2.4.0:
    resolution: {integrity: sha512-d6xOpEDfsi2CZVlPQzGeux8XMwLT9hssAsaPYExaQMuYskwb+x1x7J371tWlbBdWHroy99KnVB6qIkUbs5X3UQ==}

  webextension-polyfill@0.10.0:
    resolution: {integrity: sha512-c5s35LgVa5tFaHhrZDnr3FpQpjj1BB+RXhLTYUxGqBVN460HkbM8TBtEqdXWbpTKfzwCcjAZVF7zXCYSKtcp9g==}

  ws@8.17.1:
    resolution: {integrity: sha512-6XQFvXTkbfUOZOKKILFG1PDK2NDQs4azKQl26T0YS5CxqWLgXajbPZ+h4gZekJyRqFU8pvnbAbbs/3TgRPy+GQ==}
    engines: {node: '>=10.0.0'}
    peerDependencies:
      bufferutil: ^4.0.1
      utf-8-validate: '>=5.0.2'
    peerDependenciesMeta:
      bufferutil:
        optional: true
      utf-8-validate:
        optional: true

snapshots:

  0xsequence@2.0.10(ethers@6.13.2):
    dependencies:
      '@0xsequence/abi': 2.0.10
      '@0xsequence/account': 2.0.10(ethers@6.13.2)
      '@0xsequence/api': 2.0.10
      '@0xsequence/auth': 2.0.10(ethers@6.13.2)
      '@0xsequence/core': 2.0.10(ethers@6.13.2)
      '@0xsequence/guard': 2.0.10
      '@0xsequence/indexer': 2.0.10
      '@0xsequence/metadata': 2.0.10
      '@0xsequence/migration': 2.0.10
      '@0xsequence/network': 2.0.10(ethers@6.13.2)
      '@0xsequence/provider': 2.0.10(ethers@6.13.2)
      '@0xsequence/relayer': 2.0.10(ethers@6.13.2)
      '@0xsequence/sessions': 2.0.10
      '@0xsequence/signhub': 2.0.10
      '@0xsequence/utils': 2.0.10(ethers@6.13.2)
      '@0xsequence/wallet': 2.0.10(ethers@6.13.2)
      ethers: 6.13.2
    transitivePeerDependencies:
      - bufferutil
      - utf-8-validate

  '@0xsequence/abi@2.0.10': {}

  '@0xsequence/account@2.0.10(ethers@6.13.2)':
    dependencies:
      '@0xsequence/abi': 2.0.10
      '@0xsequence/core': 2.0.10(ethers@6.13.2)
      '@0xsequence/migration': 2.0.10
      '@0xsequence/network': 2.0.10(ethers@6.13.2)
      '@0xsequence/relayer': 2.0.10(ethers@6.13.2)
      '@0xsequence/sessions': 2.0.10
      '@0xsequence/utils': 2.0.10(ethers@6.13.2)
      '@0xsequence/wallet': 2.0.10(ethers@6.13.2)
      ethers: 6.13.2
    transitivePeerDependencies:
      - bufferutil
      - utf-8-validate

  '@0xsequence/api@2.0.10': {}

  '@0xsequence/auth@2.0.10(ethers@6.13.2)':
    dependencies:
      '@0xsequence/abi': 2.0.10
      '@0xsequence/account': 2.0.10(ethers@6.13.2)
      '@0xsequence/api': 2.0.10
      '@0xsequence/core': 2.0.10(ethers@6.13.2)
      '@0xsequence/ethauth': 1.0.0(ethers@6.13.2)
      '@0xsequence/indexer': 2.0.10
      '@0xsequence/metadata': 2.0.10
      '@0xsequence/migration': 2.0.10
      '@0xsequence/network': 2.0.10(ethers@6.13.2)
      '@0xsequence/sessions': 2.0.10
      '@0xsequence/signhub': 2.0.10
      '@0xsequence/utils': 2.0.10(ethers@6.13.2)
      '@0xsequence/wallet': 2.0.10(ethers@6.13.2)
      ethers: 6.13.2
    transitivePeerDependencies:
      - bufferutil
      - utf-8-validate

  '@0xsequence/core@2.0.10(ethers@6.13.2)':
    dependencies:
      '@0xsequence/abi': 2.0.10
      '@0xsequence/utils': 2.0.10(ethers@6.13.2)
      ethers: 6.13.2

  '@0xsequence/ethauth@1.0.0(ethers@6.13.2)':
    dependencies:
      ethers: 6.13.2
      js-base64: 3.7.7

  '@0xsequence/guard@2.0.10':
    dependencies:
      '@0xsequence/account': 2.0.10(ethers@6.13.2)
      '@0xsequence/core': 2.0.10(ethers@6.13.2)
      '@0xsequence/signhub': 2.0.10
      '@0xsequence/utils': 2.0.10(ethers@6.13.2)
      ethers: 6.13.2
    transitivePeerDependencies:
      - bufferutil
      - utf-8-validate

  '@0xsequence/indexer@2.0.10': {}

  '@0xsequence/metadata@2.0.10': {}

  '@0xsequence/migration@2.0.10':
    dependencies:
      '@0xsequence/abi': 2.0.10
      '@0xsequence/core': 2.0.10(ethers@6.13.2)
      '@0xsequence/wallet': 2.0.10(ethers@6.13.2)
      ethers: 6.13.2
    transitivePeerDependencies:
      - bufferutil
      - utf-8-validate

  '@0xsequence/network@2.0.10(ethers@6.13.2)':
    dependencies:
      '@0xsequence/core': 2.0.10(ethers@6.13.2)
      '@0xsequence/indexer': 2.0.10
      '@0xsequence/relayer': 2.0.10(ethers@6.13.2)
      '@0xsequence/utils': 2.0.10(ethers@6.13.2)
      ethers: 6.13.2

  '@0xsequence/provider@2.0.10(ethers@6.13.2)':
    dependencies:
      '@0xsequence/abi': 2.0.10
      '@0xsequence/account': 2.0.10(ethers@6.13.2)
      '@0xsequence/auth': 2.0.10(ethers@6.13.2)
      '@0xsequence/core': 2.0.10(ethers@6.13.2)
      '@0xsequence/migration': 2.0.10
      '@0xsequence/network': 2.0.10(ethers@6.13.2)
      '@0xsequence/relayer': 2.0.10(ethers@6.13.2)
      '@0xsequence/utils': 2.0.10(ethers@6.13.2)
      '@0xsequence/wallet': 2.0.10(ethers@6.13.2)
      '@databeat/tracker': 0.9.2
      ethers: 6.13.2
      eventemitter2: 6.4.9
      webextension-polyfill: 0.10.0
    transitivePeerDependencies:
      - bufferutil
      - utf-8-validate

  '@0xsequence/relayer@2.0.10(ethers@6.13.2)':
    dependencies:
      '@0xsequence/abi': 2.0.10
      '@0xsequence/core': 2.0.10(ethers@6.13.2)
      '@0xsequence/utils': 2.0.10(ethers@6.13.2)
      ethers: 6.13.2

  '@0xsequence/replacer@2.0.10(ethers@6.13.2)':
    dependencies:
      '@0xsequence/abi': 2.0.10
      '@0xsequence/core': 2.0.10(ethers@6.13.2)
      ethers: 6.13.2

  '@0xsequence/sessions@2.0.10':
    dependencies:
      '@0xsequence/core': 2.0.10(ethers@6.13.2)
      '@0xsequence/migration': 2.0.10
      '@0xsequence/replacer': 2.0.10(ethers@6.13.2)
      '@0xsequence/utils': 2.0.10(ethers@6.13.2)
      ethers: 6.13.2
      idb: 7.1.1
    transitivePeerDependencies:
      - bufferutil
      - utf-8-validate

  '@0xsequence/signhub@2.0.10':
    dependencies:
      '@0xsequence/core': 2.0.10(ethers@6.13.2)
      ethers: 6.13.2
    transitivePeerDependencies:
      - bufferutil
      - utf-8-validate

  '@0xsequence/utils@2.0.10(ethers@6.13.2)':
    dependencies:
      ethers: 6.13.2
      js-base64: 3.7.7

  '@0xsequence/wallet@2.0.10(ethers@6.13.2)':
    dependencies:
      '@0xsequence/abi': 2.0.10
      '@0xsequence/core': 2.0.10(ethers@6.13.2)
      '@0xsequence/network': 2.0.10(ethers@6.13.2)
      '@0xsequence/relayer': 2.0.10(ethers@6.13.2)
      '@0xsequence/signhub': 2.0.10
      '@0xsequence/utils': 2.0.10(ethers@6.13.2)
      ethers: 6.13.2
    transitivePeerDependencies:
      - bufferutil
      - utf-8-validate

  '@adraffy/ens-normalize@1.10.1': {}

  '@databeat/tracker@0.9.2':
    dependencies:
      '@noble/hashes': 1.5.0

  '@noble/curves@1.2.0':
    dependencies:
      '@noble/hashes': 1.3.2

  '@noble/ed25519@2.1.0': {}

  '@noble/hashes@1.3.2': {}

  '@noble/hashes@1.5.0': {}

  '@types/node@18.15.13': {}

  aes-js@4.0.0-beta.5: {}

  ethers@6.13.2:
    dependencies:
      '@adraffy/ens-normalize': 1.10.1
      '@noble/curves': 1.2.0
      '@noble/hashes': 1.3.2
      '@types/node': 18.15.13
      aes-js: 4.0.0-beta.5
      tslib: 2.4.0
      ws: 8.17.1
    transitivePeerDependencies:
      - bufferutil
      - utf-8-validate

  eventemitter2@6.4.9: {}

  idb@7.1.1: {}

  js-base64@3.7.7: {}

  tslib@2.4.0: {}

  webextension-polyfill@0.10.0: {}

  ws@8.17.1: {}
